schema: '2.0'
stages:
  prepare:
    cmd: python src/create_features.py
    deps:
    - path: data/adult.data
      hash: md5
      md5: 5d7c39d7b8804f071cdd1f2a7c460872
      size: 3974305
    - path: data/adult.test
      hash: md5
      md5: 366c746021dc50ad9d933d2817612fc9
      size: 2003132
    - path: src/create_features.py
      hash: md5
      md5: b93aea27ba45f8b24bdd52928f1f2b99
      size: 2564
    params:
      params.yaml:
        features.chi2percentile: 50
        features.test_path: data/adult.test
        features.train_path: data/adult.data
    outs:
    - path: data/pipeline.pkl
      hash: md5
      md5: 2ff2f4415c961f1b4220d6b141e5f6f1
      size: 6072
    - path: data/processed_test_data.csv
      hash: md5
      md5: a59c8daac38fe1ca84dda2b458ee762a
      size: 5409602
    - path: data/processed_train_data.csv
      hash: md5
      md5: adf63b6ce20f7ee74f63d5dabb325226
      size: 10829967
  preprocess:
    cmd: python src/preprocessing.py
    deps:
    - path: data/iris.data
      hash: md5
      md5: 42615765a885ddf54427f12c34a0a070
      size: 4551
      isexec: true
    - path: src/preprocessing.py
      hash: md5
      md5: 3d5d85e5aaa26f23823eceb55616eeac
      size: 2069
    outs:
    - path: data/X_test.csv
      hash: md5
      md5: 4a4fccbea3c0b4369caaf35adf87f151
      size: 2394
    - path: data/X_train.csv
      hash: md5
      md5: 8d6b1df422f78ca7ec8d9a86032339c2
      size: 9445
    - path: data/scaler.pkl
      hash: md5
      md5: bdf8b971261a01ed1d13e5a65307120a
      size: 1079
    - path: data/y_test.csv
      hash: md5
      md5: 491340b3d3b11a4afb70ba6c16aca6d0
      size: 437
    - path: data/y_train.csv
      hash: md5
      md5: 9c1273d348c9e31d60c7d5dfb80296be
      size: 1729
